
Microsoft Visual Studio Solution File, Format Version 12.00
# Visual Studio Version 17
VisualStudioVersion = 17.8.34511.84
MinimumVisualStudioVersion = 10.0.40219.1
Project("{FAE04EC0-301F-11D3-BF4B-00C04F79EFBC}") = "IdentidadeAPI", "IdentidadeAPI.csproj", "{03EBE9EE-DB46-45F1-9FA2-EB4EA43A0B89}"
EndProject
Global
	GlobalSection(SolutionConfigurationPlatforms) = preSolution
		Debug|Any CPU = Debug|Any CPU
		Release|Any CPU = Release|Any CPU
	EndGlobalSection
	GlobalSection(ProjectConfigurationPlatforms) = postSolution
		{03EBE9EE-DB46-45F1-9FA2-EB4EA43A0B89}.Debug|Any CPU.ActiveCfg = Debug|Any CPU
		{03EBE9EE-DB46-45F1-9FA2-EB4EA43A0B89}.Debug|Any CPU.Build.0 = Debug|Any CPU
		{03EBE9EE-DB46-45F1-9FA2-EB4EA43A0B89}.Release|Any CPU.ActiveCfg = Release|Any CPU
		{03EBE9EE-DB46-45F1-9FA2-EB4EA43A0B89}.Release|Any CPU.Build.0 = Release|Any CPU
	EndGlobalSection
	GlobalSection(SolutionProperties) = preSolution
		HideSolutionNode = FALSE
	EndGlobalSection
	GlobalSection(ExtensibilityGlobals) = postSolution
		SolutionGuid = {7DC668E5-B9AD-4649-9553-98C915B85E2C}
	EndGlobalSection
EndGlobal
