
Microsoft Visual Studio Solution File, Format Version 12.00
# Visual Studio Version 17
VisualStudioVersion = 17.8.34511.84
MinimumVisualStudioVersion = 10.0.40219.1
Project("{9A19103F-16F7-4668-BE54-9A1E7A4F7556}") = "SL.Trevo-RabbitMQ", "SL.Trevo-RabbitMQ.csproj", "{CD8F5B1F-7242-4561-9C1A-F7C54AA12929}"
EndProject
Global
	GlobalSection(SolutionConfigurationPlatforms) = preSolution
		Debug|Any CPU = Debug|Any CPU
		Release|Any CPU = Release|Any CPU
	EndGlobalSection
	GlobalSection(ProjectConfigurationPlatforms) = postSolution
		{CD8F5B1F-7242-4561-9C1A-F7C54AA12929}.Debug|Any CPU.ActiveCfg = Debug|Any CPU
		{CD8F5B1F-7242-4561-9C1A-F7C54AA12929}.Debug|Any CPU.Build.0 = Debug|Any CPU
		{CD8F5B1F-7242-4561-9C1A-F7C54AA12929}.Release|Any CPU.ActiveCfg = Release|Any CPU
		{CD8F5B1F-7242-4561-9C1A-F7C54AA12929}.Release|Any CPU.Build.0 = Release|Any CPU
	EndGlobalSection
	GlobalSection(SolutionProperties) = preSolution
		HideSolutionNode = FALSE
	EndGlobalSection
	GlobalSection(ExtensibilityGlobals) = postSolution
		SolutionGuid = {E00C86B8-A55D-4E97-B1C3-39146CDB33E3}
	EndGlobalSection
EndGlobal
